{
  "version": 4,
  "terraform_version": "1.1.0",
  "serial": 10,
  "lineage": "11d46388-405f-7c85-54aa-330313e729b1",
  "outputs": {},
  "resources": [
    {
      "mode": "managed",
      "type": "azurerm_public_ip",
      "name": "az_public_ip",
      "provider": "provider[\"registry.terraform.io/hashicorp/azurerm\"]",
      "instances": [
        {
          "schema_version": 0,
          "attributes": {
            "allocation_method": "Dynamic",
            "domain_name_label": null,
            "fqdn": null,
            "id": "/subscriptions/5c664240-69c2-46a7-b12f-476b1e353d7f/resourceGroups/demo-az-rg/providers/Microsoft.Network/publicIPAddresses/demo_public_ip",
            "idle_timeout_in_minutes": 4,
            "ip_address": "",
            "ip_version": "IPv4",
            "location": "eastus",
            "name": "demo_public_ip",
            "public_ip_prefix_id": null,
            "resource_group_name": "demo-az-rg",
            "reverse_fqdn": null,
            "sku": "Basic",
            "tags": {},
            "timeouts": null,
            "zones": []
          },
          "sensitive_attributes": [],
          "private": "eyJlMmJmYjczMC1lY2FhLTExZTYtOGY4OC0zNDM2M2JjN2M0YzAiOnsiY3JlYXRlIjoxODAwMDAwMDAwMDAwLCJkZWxldGUiOjE4MDAwMDAwMDAwMDAsInJlYWQiOjMwMDAwMDAwMDAwMCwidXBkYXRlIjoxODAwMDAwMDAwMDAwfX0=",
          "dependencies": [
            "azurerm_resource_group.az_rg"
          ]
        }
      ]
    },
    {
      "mode": "managed",
      "type": "azurerm_resource_group",
      "name": "az_rg",
      "provider": "provider[\"registry.terraform.io/hashicorp/azurerm\"]",
      "instances": [
        {
          "schema_version": 0,
          "attributes": {
            "id": "/subscriptions/5c664240-69c2-46a7-b12f-476b1e353d7f/resourceGroups/demo-az-rg",
            "location": "eastus",
            "name": "demo-az-rg",
            "tags": {},
            "timeouts": null
          },
          "sensitive_attributes": [],
          "private": "eyJlMmJmYjczMC1lY2FhLTExZTYtOGY4OC0zNDM2M2JjN2M0YzAiOnsiY3JlYXRlIjo1NDAwMDAwMDAwMDAwLCJkZWxldGUiOjU0MDAwMDAwMDAwMDAsInJlYWQiOjMwMDAwMDAwMDAwMCwidXBkYXRlIjo1NDAwMDAwMDAwMDAwfX0="
        }
      ]
    },
    {
      "mode": "managed",
      "type": "azurerm_subnet",
      "name": "az_gw_subnet",
      "provider": "provider[\"registry.terraform.io/hashicorp/azurerm\"]",
      "instances": [
        {
          "schema_version": 0,
          "attributes": {
            "address_prefix": "172.16.1.0/24",
            "address_prefixes": [
              "172.16.1.0/24"
            ],
            "delegation": [],
            "enforce_private_link_endpoint_network_policies": false,
            "enforce_private_link_service_network_policies": false,
            "id": "/subscriptions/5c664240-69c2-46a7-b12f-476b1e353d7f/resourceGroups/demo-az-rg/providers/Microsoft.Network/virtualNetworks/az-aws-vpn-vnet/subnets/GatewaySubnet",
            "name": "GatewaySubnet",
            "resource_group_name": "demo-az-rg",
            "service_endpoint_policy_ids": null,
            "service_endpoints": null,
            "timeouts": null,
            "virtual_network_name": "az-aws-vpn-vnet"
          },
          "sensitive_attributes": [],
          "private": "eyJlMmJmYjczMC1lY2FhLTExZTYtOGY4OC0zNDM2M2JjN2M0YzAiOnsiY3JlYXRlIjoxODAwMDAwMDAwMDAwLCJkZWxldGUiOjE4MDAwMDAwMDAwMDAsInJlYWQiOjMwMDAwMDAwMDAwMCwidXBkYXRlIjoxODAwMDAwMDAwMDAwfX0=",
          "dependencies": [
            "azurerm_resource_group.az_rg",
            "azurerm_virtual_network.az_vnet"
          ]
        }
      ]
    },
    {
      "mode": "managed",
      "type": "azurerm_subnet",
      "name": "az_subnet",
      "provider": "provider[\"registry.terraform.io/hashicorp/azurerm\"]",
      "instances": [
        {
          "schema_version": 0,
          "attributes": {
            "address_prefix": "172.16.0.0/24",
            "address_prefixes": [
              "172.16.0.0/24"
            ],
            "delegation": [],
            "enforce_private_link_endpoint_network_policies": false,
            "enforce_private_link_service_network_policies": false,
            "id": "/subscriptions/5c664240-69c2-46a7-b12f-476b1e353d7f/resourceGroups/demo-az-rg/providers/Microsoft.Network/virtualNetworks/az-aws-vpn-vnet/subnets/demo-subnet1",
            "name": "demo-subnet1",
            "resource_group_name": "demo-az-rg",
            "service_endpoint_policy_ids": [],
            "service_endpoints": [],
            "timeouts": null,
            "virtual_network_name": "az-aws-vpn-vnet"
          },
          "sensitive_attributes": [],
          "private": "eyJlMmJmYjczMC1lY2FhLTExZTYtOGY4OC0zNDM2M2JjN2M0YzAiOnsiY3JlYXRlIjoxODAwMDAwMDAwMDAwLCJkZWxldGUiOjE4MDAwMDAwMDAwMDAsInJlYWQiOjMwMDAwMDAwMDAwMCwidXBkYXRlIjoxODAwMDAwMDAwMDAwfX0=",
          "dependencies": [
            "azurerm_resource_group.az_rg",
            "azurerm_virtual_network.az_vnet"
          ]
        }
      ]
    },
    {
      "mode": "managed",
      "type": "azurerm_virtual_network",
      "name": "az_vnet",
      "provider": "provider[\"registry.terraform.io/hashicorp/azurerm\"]",
      "instances": [
        {
          "schema_version": 0,
          "attributes": {
            "address_space": [
              "172.16.0.0/16"
            ],
            "bgp_community": "",
            "ddos_protection_plan": [],
            "dns_servers": [],
            "guid": "739b1f24-efcb-4940-98a7-649f2ba67229",
            "id": "/subscriptions/5c664240-69c2-46a7-b12f-476b1e353d7f/resourceGroups/demo-az-rg/providers/Microsoft.Network/virtualNetworks/az-aws-vpn-vnet",
            "location": "eastus",
            "name": "az-aws-vpn-vnet",
            "resource_group_name": "demo-az-rg",
            "subnet": [
              {
                "address_prefix": "172.16.0.0/24",
                "id": "/subscriptions/5c664240-69c2-46a7-b12f-476b1e353d7f/resourceGroups/demo-az-rg/providers/Microsoft.Network/virtualNetworks/az-aws-vpn-vnet/subnets/demo-subnet1",
                "name": "demo-subnet1",
                "security_group": ""
              },
              {
                "address_prefix": "172.16.1.0/24",
                "id": "/subscriptions/5c664240-69c2-46a7-b12f-476b1e353d7f/resourceGroups/demo-az-rg/providers/Microsoft.Network/virtualNetworks/az-aws-vpn-vnet/subnets/demo-GatewaySubnet",
                "name": "demo-GatewaySubnet",
                "security_group": ""
              }
            ],
            "tags": {
              "environment": "test"
            },
            "timeouts": null,
            "vm_protection_enabled": false
          },
          "sensitive_attributes": [],
          "private": "eyJlMmJmYjczMC1lY2FhLTExZTYtOGY4OC0zNDM2M2JjN2M0YzAiOnsiY3JlYXRlIjoxODAwMDAwMDAwMDAwLCJkZWxldGUiOjE4MDAwMDAwMDAwMDAsInJlYWQiOjMwMDAwMDAwMDAwMCwidXBkYXRlIjoxODAwMDAwMDAwMDAwfX0=",
          "dependencies": [
            "azurerm_resource_group.az_rg"
          ]
        }
      ]
    },
    {
      "mode": "managed",
      "type": "azurerm_virtual_network_gateway",
      "name": "az_virtual_nw_gw",
      "provider": "provider[\"registry.terraform.io/hashicorp/azurerm\"]",
      "instances": [
        {
          "schema_version": 0,
          "attributes": {
            "active_active": false,
            "bgp_settings": [
              {
                "asn": 65515,
                "peer_weight": 0,
                "peering_address": "172.16.1.254"
              }
            ],
            "custom_route": [],
            "default_local_network_gateway_id": null,
            "enable_bgp": false,
            "generation": "Generation1",
            "id": "/subscriptions/5c664240-69c2-46a7-b12f-476b1e353d7f/resourceGroups/demo-az-rg/providers/Microsoft.Network/virtualNetworkGateways/demo_virtual_nw_gw",
            "ip_configuration": [
              {
                "name": "demo_public_ip",
                "private_ip_address_allocation": "Dynamic",
                "public_ip_address_id": "/subscriptions/5c664240-69c2-46a7-b12f-476b1e353d7f/resourceGroups/demo-az-rg/providers/Microsoft.Network/publicIPAddresses/demo_public_ip",
                "subnet_id": "/subscriptions/5c664240-69c2-46a7-b12f-476b1e353d7f/resourceGroups/demo-az-rg/providers/Microsoft.Network/virtualNetworks/az-aws-vpn-vnet/subnets/GatewaySubnet"
              }
            ],
            "location": "eastus",
            "name": "demo_virtual_nw_gw",
            "private_ip_address_enabled": false,
            "resource_group_name": "demo-az-rg",
            "sku": "Basic",
            "tags": null,
            "timeouts": null,
            "type": "Vpn",
            "vpn_client_configuration": [],
            "vpn_type": "RouteBased"
          },
          "sensitive_attributes": [],
          "private": "eyJlMmJmYjczMC1lY2FhLTExZTYtOGY4OC0zNDM2M2JjN2M0YzAiOnsiY3JlYXRlIjozNjAwMDAwMDAwMDAwLCJkZWxldGUiOjM2MDAwMDAwMDAwMDAsInJlYWQiOjMwMDAwMDAwMDAwMCwidXBkYXRlIjozNjAwMDAwMDAwMDAwfX0=",
          "dependencies": [
            "azurerm_public_ip.az_public_ip",
            "azurerm_resource_group.az_rg",
            "azurerm_subnet.az_gw_subnet",
            "azurerm_virtual_network.az_vnet"
          ]
        }
      ]
    }
  ]
}
